{
  "version": 4,
  "terraform_version": "1.11.2",
  "serial": 16,
  "lineage": "83fd2eeb-c7a7-b46d-1c06-c3200f210fea",
  "outputs": {
    "droplet_ip": {
      "value": "165.22.214.109",
      "type": "string"
    }
  },
  "resources": [
    {
      "mode": "data",
      "type": "digitalocean_project",
      "name": "personal",
      "provider": "provider[\"registry.terraform.io/digitalocean/digitalocean\"]",
      "instances": [
        {
          "schema_version": 0,
          "attributes": {
            "created_at": "2024-10-06T06:22:15Z",
            "description": "This is for my personal projects",
            "environment": "",
            "id": "7bcfbc43-f5c2-4aef-a84d-b50c3ac2d298",
            "is_default": false,
            "name": "personal",
            "owner_id": 15917105,
            "owner_uuid": "6b8c6b00-0e7d-463b-8c7c-d7e70bb79908",
            "purpose": "Class project / Educational purposes",
            "resources": [
              "do:droplet:470607279",
              "do:droplet:484492472"
            ],
            "updated_at": "2024-10-06T06:22:15Z"
          },
          "sensitive_attributes": []
        }
      ]
    },
    {
      "mode": "managed",
      "type": "digitalocean_droplet",
      "name": "ubuntu_droplet",
      "provider": "provider[\"registry.terraform.io/digitalocean/digitalocean\"]",
      "instances": [
        {
          "schema_version": 1,
          "attributes": {
            "backup_policy": [],
            "backups": false,
            "created_at": "2025-03-22T12:58:01Z",
            "disk": 80,
            "droplet_agent": null,
            "graceful_shutdown": false,
            "id": "484492472",
            "image": "ubuntu-22-04-x64",
            "ipv4_address": "165.22.214.109",
            "ipv4_address_private": "10.10.10.2",
            "ipv6": false,
            "ipv6_address": "",
            "locked": false,
            "memory": 4096,
            "monitoring": true,
            "name": "go-server",
            "price_hourly": 0.03571,
            "price_monthly": 24,
            "private_networking": true,
            "region": "blr1",
            "resize_disk": true,
            "size": "s-2vcpu-4gb",
            "ssh_keys": [
              "41183809",
              "41184238"
            ],
            "status": "active",
            "tags": [],
            "timeouts": null,
            "urn": "do:droplet:484492472",
            "user_data": "d4616e4b7926f96a790d3b097e16d8ffb002da3f",
            "vcpus": 2,
            "volume_ids": [],
            "vpc_uuid": "aaa9b681-3a6d-4a1b-a9f1-41cbfe667202"
          },
          "sensitive_attributes": [],
          "private": "eyJlMmJmYjczMC1lY2FhLTExZTYtOGY4OC0zNDM2M2JjN2M0YzAiOnsiY3JlYXRlIjozNjAwMDAwMDAwMDAwLCJkZWxldGUiOjYwMDAwMDAwMDAwLCJ1cGRhdGUiOjM2MDAwMDAwMDAwMDB9LCJzY2hlbWFfdmVyc2lvbiI6IjEifQ==",
          "dependencies": [
            "digitalocean_vpc.web_vpc"
          ]
        }
      ]
    },
    {
      "mode": "managed",
      "type": "digitalocean_project_resources",
      "name": "project_resources",
      "provider": "provider[\"registry.terraform.io/digitalocean/digitalocean\"]",
      "instances": [
        {
          "schema_version": 0,
          "attributes": {
            "id": "7bcfbc43-f5c2-4aef-a84d-b50c3ac2d298",
            "project": "7bcfbc43-f5c2-4aef-a84d-b50c3ac2d298",
            "resources": [
              "do:droplet:484492472"
            ]
          },
          "sensitive_attributes": [],
          "private": "bnVsbA==",
          "dependencies": [
            "data.digitalocean_project.personal",
            "digitalocean_droplet.ubuntu_droplet",
            "digitalocean_vpc.web_vpc"
          ]
        }
      ]
    },
    {
      "mode": "managed",
      "type": "digitalocean_vpc",
      "name": "web_vpc",
      "provider": "provider[\"registry.terraform.io/digitalocean/digitalocean\"]",
      "instances": [
        {
          "schema_version": 0,
          "attributes": {
            "created_at": "2025-03-22 12:57:59 +0000 UTC",
            "default": false,
            "description": "",
            "id": "aaa9b681-3a6d-4a1b-a9f1-41cbfe667202",
            "ip_range": "10.10.10.0/24",
            "name": "simple-http-vpc",
            "region": "blr1",
            "timeouts": null,
            "urn": "do:vpc:aaa9b681-3a6d-4a1b-a9f1-41cbfe667202"
          },
          "sensitive_attributes": [],
          "private": "eyJlMmJmYjczMC1lY2FhLTExZTYtOGY4OC0zNDM2M2JjN2M0YzAiOnsiZGVsZXRlIjoxMjAwMDAwMDAwMDB9fQ=="
        }
      ]
    }
  ],
  "check_results": null
}
